
Microsoft Visual Studio Solution File, Format Version 12.00
# Visual Studio Version 17
VisualStudioVersion = 17.8.34330.188
MinimumVisualStudioVersion = 10.0.40219.1
Project("{8BC9CEB8-8B4A-11D0-8D11-00A0C91BC942}") = "Number Guessing Game CodeAlpha", "Number Guessing Game CodeAlpha.vcxproj", "{F19E6E64-4363-4DC9-A8A9-1ED0FA3CA40D}"
EndProject
Global
	GlobalSection(SolutionConfigurationPlatforms) = preSolution
		Debug|x64 = Debug|x64
		Debug|x86 = Debug|x86
		Release|x64 = Release|x64
		Release|x86 = Release|x86
	EndGlobalSection
	GlobalSection(ProjectConfigurationPlatforms) = postSolution
		{F19E6E64-4363-4DC9-A8A9-1ED0FA3CA40D}.Debug|x64.ActiveCfg = Debug|x64
		{F19E6E64-4363-4DC9-A8A9-1ED0FA3CA40D}.Debug|x64.Build.0 = Debug|x64
		{F19E6E64-4363-4DC9-A8A9-1ED0FA3CA40D}.Debug|x86.ActiveCfg = Debug|Win32
		{F19E6E64-4363-4DC9-A8A9-1ED0FA3CA40D}.Debug|x86.Build.0 = Debug|Win32
		{F19E6E64-4363-4DC9-A8A9-1ED0FA3CA40D}.Release|x64.ActiveCfg = Release|x64
		{F19E6E64-4363-4DC9-A8A9-1ED0FA3CA40D}.Release|x64.Build.0 = Release|x64
		{F19E6E64-4363-4DC9-A8A9-1ED0FA3CA40D}.Release|x86.ActiveCfg = Release|Win32
		{F19E6E64-4363-4DC9-A8A9-1ED0FA3CA40D}.Release|x86.Build.0 = Release|Win32
	EndGlobalSection
	GlobalSection(SolutionProperties) = preSolution
		HideSolutionNode = FALSE
	EndGlobalSection
	GlobalSection(ExtensibilityGlobals) = postSolution
		SolutionGuid = {2B6CFFE7-2A6A-4764-B402-FE0A90F53AE3}
	EndGlobalSection
EndGlobal
